// !$*UTF8*$!
{
	archiveVersion = 1;
	classes = {
	};
	objectVersion = 56;
	objects = {

/* Begin PBXBuildFile section */
		690A089A2A6A6B200009B183 /* CurrencyTextfield.swift in Sources */ = {isa = PBXBuildFile; fileRef = 690A08992A6A6B200009B183 /* CurrencyTextfield.swift */; };
		690A089F2A6AA65E0009B183 /* DropdownMenu.swift in Sources */ = {isa = PBXBuildFile; fileRef = 690A089E2A6AA65E0009B183 /* DropdownMenu.swift */; };
		690A08A32A6AB20C0009B183 /* DropdownOption.swift in Sources */ = {isa = PBXBuildFile; fileRef = 690A08A22A6AB20C0009B183 /* DropdownOption.swift */; };
		690A08A52A6AB2D80009B183 /* DropdownList.swift in Sources */ = {isa = PBXBuildFile; fileRef = 690A08A42A6AB2D80009B183 /* DropdownList.swift */; };
		690A08A72A6AB3430009B183 /* NumbersOnly.swift in Sources */ = {isa = PBXBuildFile; fileRef = 690A08A62A6AB3430009B183 /* NumbersOnly.swift */; };
		690A08A92A6AB5F70009B183 /* DropdownListButton.swift in Sources */ = {isa = PBXBuildFile; fileRef = 690A08A82A6AB5F70009B183 /* DropdownListButton.swift */; };
		691103112A77BA7C00C261B3 /* NavigationTabMenu.swift in Sources */ = {isa = PBXBuildFile; fileRef = 691103102A77BA7C00C261B3 /* NavigationTabMenu.swift */; };
		691103142A77BADD00C261B3 /* NavigationTab.swift in Sources */ = {isa = PBXBuildFile; fileRef = 691103132A77BADD00C261B3 /* NavigationTab.swift */; };
		6911031C2A78B48D00C261B3 /* ViewLists.swift in Sources */ = {isa = PBXBuildFile; fileRef = 6911031B2A78B48D00C261B3 /* ViewLists.swift */; };
		6911031F2A78F2F200C261B3 /* NavigationCenter.swift in Sources */ = {isa = PBXBuildFile; fileRef = 6911031E2A78F2F200C261B3 /* NavigationCenter.swift */; };
		691103222A79003F00C261B3 /* SettingView.swift in Sources */ = {isa = PBXBuildFile; fileRef = 691103212A79003F00C261B3 /* SettingView.swift */; };
		691103252A7903FB00C261B3 /* SummaryView.swift in Sources */ = {isa = PBXBuildFile; fileRef = 691103242A7903FB00C261B3 /* SummaryView.swift */; };
		691227D22A67F6CF00A069E5 /* WalletService.swift in Sources */ = {isa = PBXBuildFile; fileRef = 691227D12A67F6CF00A069E5 /* WalletService.swift */; };
		691227D42A67F70500A069E5 /* WalletModel.swift in Sources */ = {isa = PBXBuildFile; fileRef = 691227D32A67F70500A069E5 /* WalletModel.swift */; };
		691227D62A67FFB600A069E5 /* UINavigationController.swift in Sources */ = {isa = PBXBuildFile; fileRef = 691227D52A67FFB600A069E5 /* UINavigationController.swift */; };
		691227D92A68078800A069E5 /* AddTransactionView.swift in Sources */ = {isa = PBXBuildFile; fileRef = 691227D82A68078800A069E5 /* AddTransactionView.swift */; };
		69419CCC2A72C7F900DE67AC /* MonthYearPicker.swift in Sources */ = {isa = PBXBuildFile; fileRef = 69419CCB2A72C7F900DE67AC /* MonthYearPicker.swift */; };
		69419CCF2A72CAC000DE67AC /* YearPickerView.swift in Sources */ = {isa = PBXBuildFile; fileRef = 69419CCE2A72CAC000DE67AC /* YearPickerView.swift */; };
		69419CD12A72D46B00DE67AC /* MonthPickerView.swift in Sources */ = {isa = PBXBuildFile; fileRef = 69419CD02A72D46B00DE67AC /* MonthPickerView.swift */; };
		69419CD32A72D82C00DE67AC /* MonthYearPickerValue.swift in Sources */ = {isa = PBXBuildFile; fileRef = 69419CD22A72D82C00DE67AC /* MonthYearPickerValue.swift */; };
		695FE6982A6C253F0036164D /* AddTransactionViewModel.swift in Sources */ = {isa = PBXBuildFile; fileRef = 695FE6972A6C253F0036164D /* AddTransactionViewModel.swift */; };
		697029772A3EFE8F00A59EE2 /* financial_management_appApp.swift in Sources */ = {isa = PBXBuildFile; fileRef = 697029762A3EFE8F00A59EE2 /* financial_management_appApp.swift */; };
		697029792A3EFE8F00A59EE2 /* ContentView.swift in Sources */ = {isa = PBXBuildFile; fileRef = 697029782A3EFE8F00A59EE2 /* ContentView.swift */; };
		6970297B2A3EFE9000A59EE2 /* Assets.xcassets in Resources */ = {isa = PBXBuildFile; fileRef = 6970297A2A3EFE9000A59EE2 /* Assets.xcassets */; };
		6970297E2A3EFE9000A59EE2 /* Preview Assets.xcassets in Resources */ = {isa = PBXBuildFile; fileRef = 6970297D2A3EFE9000A59EE2 /* Preview Assets.xcassets */; };
		697029872A41700000A59EE2 /* TextfieldModifier.swift in Sources */ = {isa = PBXBuildFile; fileRef = 697029862A41700000A59EE2 /* TextfieldModifier.swift */; };
		6986D81F2A4ABCD40043BF86 /* HeaderView.swift in Sources */ = {isa = PBXBuildFile; fileRef = 6986D81E2A4ABCD40043BF86 /* HeaderView.swift */; };
		6986D8222A4B32560043BF86 /* TransactionService.swift in Sources */ = {isa = PBXBuildFile; fileRef = 6986D8212A4B32560043BF86 /* TransactionService.swift */; };
		6986D8282A4D71F10043BF86 /* CategoryModel.swift in Sources */ = {isa = PBXBuildFile; fileRef = 6986D8272A4D71F10043BF86 /* CategoryModel.swift */; };
		6986D82A2A4D726A0043BF86 /* CategoryService.swift in Sources */ = {isa = PBXBuildFile; fileRef = 6986D8292A4D726A0043BF86 /* CategoryService.swift */; };
		6986D82C2A4D85520043BF86 /* ContentViewModel.swift in Sources */ = {isa = PBXBuildFile; fileRef = 6986D82B2A4D85520043BF86 /* ContentViewModel.swift */; };
		6988F43B2A481BD100EAEACE /* HomeView.swift in Sources */ = {isa = PBXBuildFile; fileRef = 6988F43A2A481BD100EAEACE /* HomeView.swift */; };
		6988F43D2A48323300EAEACE /* Color.swift in Sources */ = {isa = PBXBuildFile; fileRef = 6988F43C2A48323300EAEACE /* Color.swift */; };
		6988F43F2A4864EA00EAEACE /* PieChartView.swift in Sources */ = {isa = PBXBuildFile; fileRef = 6988F43E2A4864EA00EAEACE /* PieChartView.swift */; };
		6988F4422A4869A100EAEACE /* HistoryView.swift in Sources */ = {isa = PBXBuildFile; fileRef = 6988F4412A4869A100EAEACE /* HistoryView.swift */; };
		6988F4442A48703A00EAEACE /* NavigationDismissModifier.swift in Sources */ = {isa = PBXBuildFile; fileRef = 6988F4432A48703A00EAEACE /* NavigationDismissModifier.swift */; };
		6988F4462A4947C700EAEACE /* TransactionModel.swift in Sources */ = {isa = PBXBuildFile; fileRef = 6988F4452A4947C700EAEACE /* TransactionModel.swift */; };
		6988F4482A494BF100EAEACE /* DayTransactionModel.swift in Sources */ = {isa = PBXBuildFile; fileRef = 6988F4472A494BF100EAEACE /* DayTransactionModel.swift */; };
		6988F44A2A4954AD00EAEACE /* TransactionHistoryView.swift in Sources */ = {isa = PBXBuildFile; fileRef = 6988F4492A4954AD00EAEACE /* TransactionHistoryView.swift */; };
		699DFC942A41762300B64C8C /* FocusablePadding.swift in Sources */ = {isa = PBXBuildFile; fileRef = 699DFC932A41762300B64C8C /* FocusablePadding.swift */; };
		699DFCAA2A42EA0200B64C8C /* LoginView.swift in Sources */ = {isa = PBXBuildFile; fileRef = 699DFCA92A42EA0200B64C8C /* LoginView.swift */; };
		699DFCAD2A42F2A900B64C8C /* PrimaryButtonModifier.swift in Sources */ = {isa = PBXBuildFile; fileRef = 699DFCAC2A42F2A900B64C8C /* PrimaryButtonModifier.swift */; };
		699DFCAF2A42F4EB00B64C8C /* SecondaryButtonModifier.swift in Sources */ = {isa = PBXBuildFile; fileRef = 699DFCAE2A42F4EB00B64C8C /* SecondaryButtonModifier.swift */; };
		699DFCB12A42F5E800B64C8C /* RegisterView.swift in Sources */ = {isa = PBXBuildFile; fileRef = 699DFCB02A42F5E800B64C8C /* RegisterView.swift */; };
		69D1D0E42A6CDF4900E3420D /* ToggleButton.swift in Sources */ = {isa = PBXBuildFile; fileRef = 69D1D0E32A6CDF4900E3420D /* ToggleButton.swift */; };
		69D1D0E82A6CE19200E3420D /* ToggleButtonState.swift in Sources */ = {isa = PBXBuildFile; fileRef = 69D1D0E72A6CE19200E3420D /* ToggleButtonState.swift */; };
		69D1D0EF2A6D101900E3420D /* Modal.swift in Sources */ = {isa = PBXBuildFile; fileRef = 69D1D0EE2A6D101900E3420D /* Modal.swift */; };
		69D1D0F32A6D1F5C00E3420D /* ModalViewModel.swift in Sources */ = {isa = PBXBuildFile; fileRef = 69D1D0F22A6D1F5C00E3420D /* ModalViewModel.swift */; };
		69D1D0F52A6D69B400E3420D /* MonthlyExpenseView.swift in Sources */ = {isa = PBXBuildFile; fileRef = 69D1D0F42A6D69B400E3420D /* MonthlyExpenseView.swift */; };
		69D1D0F72A6D771F00E3420D /* RecentlyView.swift in Sources */ = {isa = PBXBuildFile; fileRef = 69D1D0F62A6D771F00E3420D /* RecentlyView.swift */; };
		69D1D0FB2A6D793900E3420D /* DayView.swift in Sources */ = {isa = PBXBuildFile; fileRef = 69D1D0FA2A6D793900E3420D /* DayView.swift */; };
		69D1D0FD2A6D798200E3420D /* TransactionView.swift in Sources */ = {isa = PBXBuildFile; fileRef = 69D1D0FC2A6D798200E3420D /* TransactionView.swift */; };
		69D1D0FF2A6D84B900E3420D /* RecentlyViewTransaction.swift in Sources */ = {isa = PBXBuildFile; fileRef = 69D1D0FE2A6D84B900E3420D /* RecentlyViewTransaction.swift */; };
		69FE3EB02A6F8AA800D8F0BF /* QuickSummaryView.swift in Sources */ = {isa = PBXBuildFile; fileRef = 69FE3EAF2A6F8AA800D8F0BF /* QuickSummaryView.swift */; };
		69FE3EB22A6F91CC00D8F0BF /* HistoryViewModel.swift in Sources */ = {isa = PBXBuildFile; fileRef = 69FE3EB12A6F91CC00D8F0BF /* HistoryViewModel.swift */; };
		69FE3EB52A6FC5FE00D8F0BF /* HTTPService.swift in Sources */ = {isa = PBXBuildFile; fileRef = 69FE3EB42A6FC5FE00D8F0BF /* HTTPService.swift */; };
		69FE3EB72A6FC83A00D8F0BF /* Transaction.swift in Sources */ = {isa = PBXBuildFile; fileRef = 69FE3EB62A6FC83A00D8F0BF /* Transaction.swift */; };
		69FE3EBB2A6FD32F00D8F0BF /* Wallet.swift in Sources */ = {isa = PBXBuildFile; fileRef = 69FE3EBA2A6FD32F00D8F0BF /* Wallet.swift */; };
		69FE3EBD2A6FD3BF00D8F0BF /* Category.swift in Sources */ = {isa = PBXBuildFile; fileRef = 69FE3EBC2A6FD3BF00D8F0BF /* Category.swift */; };
		69FE3EBF2A6FD56100D8F0BF /* HomeViewModel.swift in Sources */ = {isa = PBXBuildFile; fileRef = 69FE3EBE2A6FD56100D8F0BF /* HomeViewModel.swift */; };
/* End PBXBuildFile section */

/* Begin PBXFileReference section */
		690A08992A6A6B200009B183 /* CurrencyTextfield.swift */ = {isa = PBXFileReference; lastKnownFileType = sourcecode.swift; path = CurrencyTextfield.swift; sourceTree = "<group>"; };
		690A089E2A6AA65E0009B183 /* DropdownMenu.swift */ = {isa = PBXFileReference; lastKnownFileType = sourcecode.swift; path = DropdownMenu.swift; sourceTree = "<group>"; };
		690A08A22A6AB20C0009B183 /* DropdownOption.swift */ = {isa = PBXFileReference; lastKnownFileType = sourcecode.swift; path = DropdownOption.swift; sourceTree = "<group>"; };
		690A08A42A6AB2D80009B183 /* DropdownList.swift */ = {isa = PBXFileReference; lastKnownFileType = sourcecode.swift; path = DropdownList.swift; sourceTree = "<group>"; };
		690A08A62A6AB3430009B183 /* NumbersOnly.swift */ = {isa = PBXFileReference; lastKnownFileType = sourcecode.swift; path = NumbersOnly.swift; sourceTree = "<group>"; };
		690A08A82A6AB5F70009B183 /* DropdownListButton.swift */ = {isa = PBXFileReference; lastKnownFileType = sourcecode.swift; path = DropdownListButton.swift; sourceTree = "<group>"; };
		691103102A77BA7C00C261B3 /* NavigationTabMenu.swift */ = {isa = PBXFileReference; lastKnownFileType = sourcecode.swift; path = NavigationTabMenu.swift; sourceTree = "<group>"; };
		691103132A77BADD00C261B3 /* NavigationTab.swift */ = {isa = PBXFileReference; lastKnownFileType = sourcecode.swift; path = NavigationTab.swift; sourceTree = "<group>"; };
		6911031B2A78B48D00C261B3 /* ViewLists.swift */ = {isa = PBXFileReference; lastKnownFileType = sourcecode.swift; path = ViewLists.swift; sourceTree = "<group>"; };
		6911031E2A78F2F200C261B3 /* NavigationCenter.swift */ = {isa = PBXFileReference; lastKnownFileType = sourcecode.swift; path = NavigationCenter.swift; sourceTree = "<group>"; };
		691103212A79003F00C261B3 /* SettingView.swift */ = {isa = PBXFileReference; lastKnownFileType = sourcecode.swift; path = SettingView.swift; sourceTree = "<group>"; };
		691103242A7903FB00C261B3 /* SummaryView.swift */ = {isa = PBXFileReference; lastKnownFileType = sourcecode.swift; path = SummaryView.swift; sourceTree = "<group>"; };
		691227D12A67F6CF00A069E5 /* WalletService.swift */ = {isa = PBXFileReference; lastKnownFileType = sourcecode.swift; path = WalletService.swift; sourceTree = "<group>"; };
		691227D32A67F70500A069E5 /* WalletModel.swift */ = {isa = PBXFileReference; lastKnownFileType = sourcecode.swift; path = WalletModel.swift; sourceTree = "<group>"; };
		691227D52A67FFB600A069E5 /* UINavigationController.swift */ = {isa = PBXFileReference; lastKnownFileType = sourcecode.swift; path = UINavigationController.swift; sourceTree = "<group>"; };
		691227D82A68078800A069E5 /* AddTransactionView.swift */ = {isa = PBXFileReference; lastKnownFileType = sourcecode.swift; path = AddTransactionView.swift; sourceTree = "<group>"; };
		69419CCB2A72C7F900DE67AC /* MonthYearPicker.swift */ = {isa = PBXFileReference; lastKnownFileType = sourcecode.swift; path = MonthYearPicker.swift; sourceTree = "<group>"; };
		69419CCE2A72CAC000DE67AC /* YearPickerView.swift */ = {isa = PBXFileReference; lastKnownFileType = sourcecode.swift; path = YearPickerView.swift; sourceTree = "<group>"; };
		69419CD02A72D46B00DE67AC /* MonthPickerView.swift */ = {isa = PBXFileReference; lastKnownFileType = sourcecode.swift; path = MonthPickerView.swift; sourceTree = "<group>"; };
		69419CD22A72D82C00DE67AC /* MonthYearPickerValue.swift */ = {isa = PBXFileReference; lastKnownFileType = sourcecode.swift; path = MonthYearPickerValue.swift; sourceTree = "<group>"; };
		695FE6972A6C253F0036164D /* AddTransactionViewModel.swift */ = {isa = PBXFileReference; lastKnownFileType = sourcecode.swift; path = AddTransactionViewModel.swift; sourceTree = "<group>"; };
		697029732A3EFE8F00A59EE2 /* financial-management-app.app */ = {isa = PBXFileReference; explicitFileType = wrapper.application; includeInIndex = 0; path = "financial-management-app.app"; sourceTree = BUILT_PRODUCTS_DIR; };
		697029762A3EFE8F00A59EE2 /* financial_management_appApp.swift */ = {isa = PBXFileReference; lastKnownFileType = sourcecode.swift; path = financial_management_appApp.swift; sourceTree = "<group>"; };
		697029782A3EFE8F00A59EE2 /* ContentView.swift */ = {isa = PBXFileReference; lastKnownFileType = sourcecode.swift; path = ContentView.swift; sourceTree = "<group>"; };
		6970297A2A3EFE9000A59EE2 /* Assets.xcassets */ = {isa = PBXFileReference; lastKnownFileType = folder.assetcatalog; path = Assets.xcassets; sourceTree = "<group>"; };
		6970297D2A3EFE9000A59EE2 /* Preview Assets.xcassets */ = {isa = PBXFileReference; lastKnownFileType = folder.assetcatalog; path = "Preview Assets.xcassets"; sourceTree = "<group>"; };
		697029862A41700000A59EE2 /* TextfieldModifier.swift */ = {isa = PBXFileReference; lastKnownFileType = sourcecode.swift; path = TextfieldModifier.swift; sourceTree = "<group>"; };
		6986D81E2A4ABCD40043BF86 /* HeaderView.swift */ = {isa = PBXFileReference; lastKnownFileType = sourcecode.swift; path = HeaderView.swift; sourceTree = "<group>"; };
		6986D8212A4B32560043BF86 /* TransactionService.swift */ = {isa = PBXFileReference; lastKnownFileType = sourcecode.swift; path = TransactionService.swift; sourceTree = "<group>"; };
		6986D8272A4D71F10043BF86 /* CategoryModel.swift */ = {isa = PBXFileReference; lastKnownFileType = sourcecode.swift; path = CategoryModel.swift; sourceTree = "<group>"; };
		6986D8292A4D726A0043BF86 /* CategoryService.swift */ = {isa = PBXFileReference; lastKnownFileType = sourcecode.swift; path = CategoryService.swift; sourceTree = "<group>"; };
		6986D82B2A4D85520043BF86 /* ContentViewModel.swift */ = {isa = PBXFileReference; lastKnownFileType = sourcecode.swift; path = ContentViewModel.swift; sourceTree = "<group>"; };
		6988F43A2A481BD100EAEACE /* HomeView.swift */ = {isa = PBXFileReference; lastKnownFileType = sourcecode.swift; path = HomeView.swift; sourceTree = "<group>"; };
		6988F43C2A48323300EAEACE /* Color.swift */ = {isa = PBXFileReference; lastKnownFileType = sourcecode.swift; path = Color.swift; sourceTree = "<group>"; };
		6988F43E2A4864EA00EAEACE /* PieChartView.swift */ = {isa = PBXFileReference; lastKnownFileType = sourcecode.swift; path = PieChartView.swift; sourceTree = "<group>"; };
		6988F4412A4869A100EAEACE /* HistoryView.swift */ = {isa = PBXFileReference; lastKnownFileType = sourcecode.swift; path = HistoryView.swift; sourceTree = "<group>"; };
		6988F4432A48703A00EAEACE /* NavigationDismissModifier.swift */ = {isa = PBXFileReference; lastKnownFileType = sourcecode.swift; path = NavigationDismissModifier.swift; sourceTree = "<group>"; };
		6988F4452A4947C700EAEACE /* TransactionModel.swift */ = {isa = PBXFileReference; lastKnownFileType = sourcecode.swift; path = TransactionModel.swift; sourceTree = "<group>"; };
		6988F4472A494BF100EAEACE /* DayTransactionModel.swift */ = {isa = PBXFileReference; lastKnownFileType = sourcecode.swift; path = DayTransactionModel.swift; sourceTree = "<group>"; };
		6988F4492A4954AD00EAEACE /* TransactionHistoryView.swift */ = {isa = PBXFileReference; lastKnownFileType = sourcecode.swift; path = TransactionHistoryView.swift; sourceTree = "<group>"; };
		699DFC932A41762300B64C8C /* FocusablePadding.swift */ = {isa = PBXFileReference; lastKnownFileType = sourcecode.swift; path = FocusablePadding.swift; sourceTree = "<group>"; };
		699DFCA92A42EA0200B64C8C /* LoginView.swift */ = {isa = PBXFileReference; lastKnownFileType = sourcecode.swift; path = LoginView.swift; sourceTree = "<group>"; };
		699DFCAC2A42F2A900B64C8C /* PrimaryButtonModifier.swift */ = {isa = PBXFileReference; lastKnownFileType = sourcecode.swift; path = PrimaryButtonModifier.swift; sourceTree = "<group>"; };
		699DFCAE2A42F4EB00B64C8C /* SecondaryButtonModifier.swift */ = {isa = PBXFileReference; lastKnownFileType = sourcecode.swift; path = SecondaryButtonModifier.swift; sourceTree = "<group>"; };
		699DFCB02A42F5E800B64C8C /* RegisterView.swift */ = {isa = PBXFileReference; lastKnownFileType = sourcecode.swift; path = RegisterView.swift; sourceTree = "<group>"; };
		69D1D0E32A6CDF4900E3420D /* ToggleButton.swift */ = {isa = PBXFileReference; lastKnownFileType = sourcecode.swift; path = ToggleButton.swift; sourceTree = "<group>"; };
		69D1D0E72A6CE19200E3420D /* ToggleButtonState.swift */ = {isa = PBXFileReference; lastKnownFileType = sourcecode.swift; path = ToggleButtonState.swift; sourceTree = "<group>"; };
		69D1D0EE2A6D101900E3420D /* Modal.swift */ = {isa = PBXFileReference; lastKnownFileType = sourcecode.swift; path = Modal.swift; sourceTree = "<group>"; };
		69D1D0F22A6D1F5C00E3420D /* ModalViewModel.swift */ = {isa = PBXFileReference; lastKnownFileType = sourcecode.swift; path = ModalViewModel.swift; sourceTree = "<group>"; };
		69D1D0F42A6D69B400E3420D /* MonthlyExpenseView.swift */ = {isa = PBXFileReference; lastKnownFileType = sourcecode.swift; path = MonthlyExpenseView.swift; sourceTree = "<group>"; };
		69D1D0F62A6D771F00E3420D /* RecentlyView.swift */ = {isa = PBXFileReference; lastKnownFileType = sourcecode.swift; path = RecentlyView.swift; sourceTree = "<group>"; };
		69D1D0FA2A6D793900E3420D /* DayView.swift */ = {isa = PBXFileReference; lastKnownFileType = sourcecode.swift; path = DayView.swift; sourceTree = "<group>"; };
		69D1D0FC2A6D798200E3420D /* TransactionView.swift */ = {isa = PBXFileReference; lastKnownFileType = sourcecode.swift; path = TransactionView.swift; sourceTree = "<group>"; };
		69D1D0FE2A6D84B900E3420D /* RecentlyViewTransaction.swift */ = {isa = PBXFileReference; lastKnownFileType = sourcecode.swift; path = RecentlyViewTransaction.swift; sourceTree = "<group>"; };
		69FE3EAF2A6F8AA800D8F0BF /* QuickSummaryView.swift */ = {isa = PBXFileReference; lastKnownFileType = sourcecode.swift; path = QuickSummaryView.swift; sourceTree = "<group>"; };
		69FE3EB12A6F91CC00D8F0BF /* HistoryViewModel.swift */ = {isa = PBXFileReference; lastKnownFileType = sourcecode.swift; path = HistoryViewModel.swift; sourceTree = "<group>"; };
		69FE3EB42A6FC5FE00D8F0BF /* HTTPService.swift */ = {isa = PBXFileReference; lastKnownFileType = sourcecode.swift; path = HTTPService.swift; sourceTree = "<group>"; };
		69FE3EB62A6FC83A00D8F0BF /* Transaction.swift */ = {isa = PBXFileReference; lastKnownFileType = sourcecode.swift; path = Transaction.swift; sourceTree = "<group>"; };
		69FE3EBA2A6FD32F00D8F0BF /* Wallet.swift */ = {isa = PBXFileReference; lastKnownFileType = sourcecode.swift; path = Wallet.swift; sourceTree = "<group>"; };
		69FE3EBC2A6FD3BF00D8F0BF /* Category.swift */ = {isa = PBXFileReference; lastKnownFileType = sourcecode.swift; path = Category.swift; sourceTree = "<group>"; };
		69FE3EBE2A6FD56100D8F0BF /* HomeViewModel.swift */ = {isa = PBXFileReference; lastKnownFileType = sourcecode.swift; path = HomeViewModel.swift; sourceTree = "<group>"; };
/* End PBXFileReference section */

/* Begin PBXFrameworksBuildPhase section */
		697029702A3EFE8F00A59EE2 /* Frameworks */ = {
			isa = PBXFrameworksBuildPhase;
			buildActionMask = 2147483647;
			files = (
			);
			runOnlyForDeploymentPostprocessing = 0;
		};
/* End PBXFrameworksBuildPhase section */

/* Begin PBXGroup section */
		690A089D2A6AA60B0009B183 /* Modifiers */ = {
			isa = PBXGroup;
			children = (
				699DFC932A41762300B64C8C /* FocusablePadding.swift */,
				699DFCAC2A42F2A900B64C8C /* PrimaryButtonModifier.swift */,
				699DFCAE2A42F4EB00B64C8C /* SecondaryButtonModifier.swift */,
				6988F4432A48703A00EAEACE /* NavigationDismissModifier.swift */,
				697029862A41700000A59EE2 /* TextfieldModifier.swift */,
			);
			path = Modifiers;
			sourceTree = "<group>";
		};
		691103122A77BAC900C261B3 /* TabBar */ = {
			isa = PBXGroup;
			children = (
				691103102A77BA7C00C261B3 /* NavigationTabMenu.swift */,
				691103132A77BADD00C261B3 /* NavigationTab.swift */,
			);
			path = TabBar;
			sourceTree = "<group>";
		};
		691103152A77C13500C261B3 /* RecentlyView */ = {
			isa = PBXGroup;
			children = (
				69D1D0F62A6D771F00E3420D /* RecentlyView.swift */,
				69D1D0FE2A6D84B900E3420D /* RecentlyViewTransaction.swift */,
			);
			path = RecentlyView;
			sourceTree = "<group>";
		};
		6911031A2A77DA9D00C261B3 /* ContentView */ = {
			isa = PBXGroup;
			children = (
			);
			path = ContentView;
			sourceTree = "<group>";
		};
		6911031D2A78F2D800C261B3 /* NavigationCenter */ = {
			isa = PBXGroup;
			children = (
				6911031E2A78F2F200C261B3 /* NavigationCenter.swift */,
				6911031B2A78B48D00C261B3 /* ViewLists.swift */,
			);
			path = NavigationCenter;
			sourceTree = "<group>";
		};
		691103202A79002100C261B3 /* Setting */ = {
			isa = PBXGroup;
			children = (
				691103212A79003F00C261B3 /* SettingView.swift */,
			);
			path = Setting;
			sourceTree = "<group>";
		};
		691103232A7903EC00C261B3 /* Summary */ = {
			isa = PBXGroup;
			children = (
				691103242A7903FB00C261B3 /* SummaryView.swift */,
			);
			path = Summary;
			sourceTree = "<group>";
		};
		691227D72A68076400A069E5 /* AddTransaction */ = {
			isa = PBXGroup;
			children = (
				691227D82A68078800A069E5 /* AddTransactionView.swift */,
				695FE6972A6C253F0036164D /* AddTransactionViewModel.swift */,
			);
			path = AddTransaction;
			sourceTree = "<group>";
		};
		69419CCD2A72CA9D00DE67AC /* MonthYearPicker */ = {
			isa = PBXGroup;
			children = (
				69419CD22A72D82C00DE67AC /* MonthYearPickerValue.swift */,
				69419CCB2A72C7F900DE67AC /* MonthYearPicker.swift */,
				69419CCE2A72CAC000DE67AC /* YearPickerView.swift */,
				69419CD02A72D46B00DE67AC /* MonthPickerView.swift */,
			);
			path = MonthYearPicker;
			sourceTree = "<group>";
		};
		6970296A2A3EFE8F00A59EE2 = {
			isa = PBXGroup;
			children = (
				697029752A3EFE8F00A59EE2 /* financial-management-app */,
				697029742A3EFE8F00A59EE2 /* Products */,
			);
			sourceTree = "<group>";
		};
		697029742A3EFE8F00A59EE2 /* Products */ = {
			isa = PBXGroup;
			children = (
				697029732A3EFE8F00A59EE2 /* financial-management-app.app */,
			);
			name = Products;
			sourceTree = "<group>";
		};
		697029752A3EFE8F00A59EE2 /* financial-management-app */ = {
			isa = PBXGroup;
			children = (
				699DFCA12A42CD3500B64C8C /* App */,
				699DFCA32A42CD4300B64C8C /* Core */,
				699DFCA42A42CD5200B64C8C /* Extensions */,
				699DFCA52A42CD5800B64C8C /* Model */,
				69FE3EB82A6FCD2800D8F0BF /* Repository */,
				699DFCA62A42CD6100B64C8C /* Services */,
				6970297A2A3EFE9000A59EE2 /* Assets.xcassets */,
				6970297C2A3EFE9000A59EE2 /* Preview Content */,
			);
			path = "financial-management-app";
			sourceTree = "<group>";
		};
		6970297C2A3EFE9000A59EE2 /* Preview Content */ = {
			isa = PBXGroup;
			children = (
				6970297D2A3EFE9000A59EE2 /* Preview Assets.xcassets */,
			);
			path = "Preview Content";
			sourceTree = "<group>";
		};
		6988F4392A481BB700EAEACE /* Home */ = {
			isa = PBXGroup;
			children = (
				691103152A77C13500C261B3 /* RecentlyView */,
				6988F43A2A481BD100EAEACE /* HomeView.swift */,
				69FE3EBE2A6FD56100D8F0BF /* HomeViewModel.swift */,
				69D1D0F42A6D69B400E3420D /* MonthlyExpenseView.swift */,
				69FE3EAF2A6F8AA800D8F0BF /* QuickSummaryView.swift */,
			);
			path = Home;
			sourceTree = "<group>";
		};
		6988F4402A48697C00EAEACE /* History */ = {
			isa = PBXGroup;
			children = (
				69FE3EB32A6FA8A600D8F0BF /* TransactionHistory */,
				6988F4412A4869A100EAEACE /* HistoryView.swift */,
				69FE3EB12A6F91CC00D8F0BF /* HistoryViewModel.swift */,
				69D1D0FA2A6D793900E3420D /* DayView.swift */,
			);
			path = History;
			sourceTree = "<group>";
		};
		699DFCA12A42CD3500B64C8C /* App */ = {
			isa = PBXGroup;
			children = (
				697029762A3EFE8F00A59EE2 /* financial_management_appApp.swift */,
			);
			path = App;
			sourceTree = "<group>";
		};
		699DFCA32A42CD4300B64C8C /* Core */ = {
			isa = PBXGroup;
			children = (
				6911031A2A77DA9D00C261B3 /* ContentView */,
				697029782A3EFE8F00A59EE2 /* ContentView.swift */,
				6986D82B2A4D85520043BF86 /* ContentViewModel.swift */,
				699DFCAB2A42EA7600B64C8C /* Components */,
				690A089D2A6AA60B0009B183 /* Modifiers */,
				6911031D2A78F2D800C261B3 /* NavigationCenter */,
				691227D72A68076400A069E5 /* AddTransaction */,
				691103232A7903EC00C261B3 /* Summary */,
				691103202A79002100C261B3 /* Setting */,
				6988F4402A48697C00EAEACE /* History */,
				6988F4392A481BB700EAEACE /* Home */,
				699DFCA82A42E9F000B64C8C /* Auth */,
			);
			path = Core;
			sourceTree = "<group>";
		};
		699DFCA42A42CD5200B64C8C /* Extensions */ = {
			isa = PBXGroup;
			children = (
				6988F43C2A48323300EAEACE /* Color.swift */,
				691227D52A67FFB600A069E5 /* UINavigationController.swift */,
			);
			path = Extensions;
			sourceTree = "<group>";
		};
		699DFCA52A42CD5800B64C8C /* Model */ = {
			isa = PBXGroup;
			children = (
				6988F4452A4947C700EAEACE /* TransactionModel.swift */,
				6988F4472A494BF100EAEACE /* DayTransactionModel.swift */,
				6986D8272A4D71F10043BF86 /* CategoryModel.swift */,
				691227D32A67F70500A069E5 /* WalletModel.swift */,
			);
			path = Model;
			sourceTree = "<group>";
		};
		699DFCA62A42CD6100B64C8C /* Services */ = {
			isa = PBXGroup;
			children = (
				69FE3EB42A6FC5FE00D8F0BF /* HTTPService.swift */,
				6986D8212A4B32560043BF86 /* TransactionService.swift */,
				691227D12A67F6CF00A069E5 /* WalletService.swift */,
				6986D8292A4D726A0043BF86 /* CategoryService.swift */,
			);
			path = Services;
			sourceTree = "<group>";
		};
		699DFCA82A42E9F000B64C8C /* Auth */ = {
			isa = PBXGroup;
			children = (
				699DFCA92A42EA0200B64C8C /* LoginView.swift */,
				699DFCB02A42F5E800B64C8C /* RegisterView.swift */,
			);
			path = Auth;
			sourceTree = "<group>";
		};
		699DFCAB2A42EA7600B64C8C /* Components */ = {
			isa = PBXGroup;
			children = (
				691103122A77BAC900C261B3 /* TabBar */,
				69419CCD2A72CA9D00DE67AC /* MonthYearPicker */,
				69D1D0ED2A6D100600E3420D /* Modal */,
				69D1D0E62A6CE17C00E3420D /* ToggleButton */,
				69D1D0E52A6CE16900E3420D /* Dropdown */,
				6988F43E2A4864EA00EAEACE /* PieChartView.swift */,
				6986D81E2A4ABCD40043BF86 /* HeaderView.swift */,
				690A08A62A6AB3430009B183 /* NumbersOnly.swift */,
				690A08992A6A6B200009B183 /* CurrencyTextfield.swift */,
			);
			path = Components;
			sourceTree = "<group>";
		};
		69D1D0E52A6CE16900E3420D /* Dropdown */ = {
			isa = PBXGroup;
			children = (
				690A08A22A6AB20C0009B183 /* DropdownOption.swift */,
				690A089E2A6AA65E0009B183 /* DropdownMenu.swift */,
				690A08A42A6AB2D80009B183 /* DropdownList.swift */,
				690A08A82A6AB5F70009B183 /* DropdownListButton.swift */,
			);
			path = Dropdown;
			sourceTree = "<group>";
		};
		69D1D0E62A6CE17C00E3420D /* ToggleButton */ = {
			isa = PBXGroup;
			children = (
				69D1D0E32A6CDF4900E3420D /* ToggleButton.swift */,
				69D1D0E72A6CE19200E3420D /* ToggleButtonState.swift */,
			);
			path = ToggleButton;
			sourceTree = "<group>";
		};
		69D1D0ED2A6D100600E3420D /* Modal */ = {
			isa = PBXGroup;
			children = (
				69D1D0EE2A6D101900E3420D /* Modal.swift */,
				69D1D0F22A6D1F5C00E3420D /* ModalViewModel.swift */,
			);
			path = Modal;
			sourceTree = "<group>";
		};
		69FE3EB32A6FA8A600D8F0BF /* TransactionHistory */ = {
			isa = PBXGroup;
			children = (
				69D1D0FC2A6D798200E3420D /* TransactionView.swift */,
				6988F4492A4954AD00EAEACE /* TransactionHistoryView.swift */,
			);
			path = TransactionHistory;
			sourceTree = "<group>";
		};
		69FE3EB82A6FCD2800D8F0BF /* Repository */ = {
			isa = PBXGroup;
			children = (
				69FE3EB62A6FC83A00D8F0BF /* Transaction.swift */,
				69FE3EBA2A6FD32F00D8F0BF /* Wallet.swift */,
				69FE3EBC2A6FD3BF00D8F0BF /* Category.swift */,
			);
			path = Repository;
			sourceTree = "<group>";
		};
/* End PBXGroup section */

/* Begin PBXNativeTarget section */
		697029722A3EFE8F00A59EE2 /* financial-management-app */ = {
			isa = PBXNativeTarget;
			buildConfigurationList = 697029812A3EFE9000A59EE2 /* Build configuration list for PBXNativeTarget "financial-management-app" */;
			buildPhases = (
				6970296F2A3EFE8F00A59EE2 /* Sources */,
				697029702A3EFE8F00A59EE2 /* Frameworks */,
				697029712A3EFE8F00A59EE2 /* Resources */,
			);
			buildRules = (
			);
			dependencies = (
			);
			name = "financial-management-app";
			productName = "financial-management-app";
			productReference = 697029732A3EFE8F00A59EE2 /* financial-management-app.app */;
			productType = "com.apple.product-type.application";
		};
/* End PBXNativeTarget section */

/* Begin PBXProject section */
		6970296B2A3EFE8F00A59EE2 /* Project object */ = {
			isa = PBXProject;
			attributes = {
				BuildIndependentTargetsInParallel = 1;
				LastSwiftUpdateCheck = 1430;
				LastUpgradeCheck = 1430;
				TargetAttributes = {
					697029722A3EFE8F00A59EE2 = {
						CreatedOnToolsVersion = 14.3.1;
					};
				};
			};
			buildConfigurationList = 6970296E2A3EFE8F00A59EE2 /* Build configuration list for PBXProject "financial-management-app" */;
			compatibilityVersion = "Xcode 14.0";
			developmentRegion = en;
			hasScannedForEncodings = 0;
			knownRegions = (
				en,
				Base,
			);
			mainGroup = 6970296A2A3EFE8F00A59EE2;
			productRefGroup = 697029742A3EFE8F00A59EE2 /* Products */;
			projectDirPath = "";
			projectRoot = "";
			targets = (
				697029722A3EFE8F00A59EE2 /* financial-management-app */,
			);
		};
/* End PBXProject section */

/* Begin PBXResourcesBuildPhase section */
		697029712A3EFE8F00A59EE2 /* Resources */ = {
			isa = PBXResourcesBuildPhase;
			buildActionMask = 2147483647;
			files = (
				6970297E2A3EFE9000A59EE2 /* Preview Assets.xcassets in Resources */,
				6970297B2A3EFE9000A59EE2 /* Assets.xcassets in Resources */,
			);
			runOnlyForDeploymentPostprocessing = 0;
		};
/* End PBXResourcesBuildPhase section */

/* Begin PBXSourcesBuildPhase section */
		6970296F2A3EFE8F00A59EE2 /* Sources */ = {
			isa = PBXSourcesBuildPhase;
			buildActionMask = 2147483647;
			files = (
				6988F4482A494BF100EAEACE /* DayTransactionModel.swift in Sources */,
				69419CCC2A72C7F900DE67AC /* MonthYearPicker.swift in Sources */,
				69D1D0FB2A6D793900E3420D /* DayView.swift in Sources */,
				6988F43B2A481BD100EAEACE /* HomeView.swift in Sources */,
				6988F4422A4869A100EAEACE /* HistoryView.swift in Sources */,
				697029792A3EFE8F00A59EE2 /* ContentView.swift in Sources */,
				690A08A72A6AB3430009B183 /* NumbersOnly.swift in Sources */,
				69419CD12A72D46B00DE67AC /* MonthPickerView.swift in Sources */,
				697029772A3EFE8F00A59EE2 /* financial_management_appApp.swift in Sources */,
				6988F4462A4947C700EAEACE /* TransactionModel.swift in Sources */,
				699DFCAF2A42F4EB00B64C8C /* SecondaryButtonModifier.swift in Sources */,
				691103252A7903FB00C261B3 /* SummaryView.swift in Sources */,
				6988F43F2A4864EA00EAEACE /* PieChartView.swift in Sources */,
				69FE3EB72A6FC83A00D8F0BF /* Transaction.swift in Sources */,
				69D1D0E82A6CE19200E3420D /* ToggleButtonState.swift in Sources */,
				690A08A92A6AB5F70009B183 /* DropdownListButton.swift in Sources */,
				690A089A2A6A6B200009B183 /* CurrencyTextfield.swift in Sources */,
				69FE3EBB2A6FD32F00D8F0BF /* Wallet.swift in Sources */,
				690A08A32A6AB20C0009B183 /* DropdownOption.swift in Sources */,
				69FE3EB52A6FC5FE00D8F0BF /* HTTPService.swift in Sources */,
				69FE3EBD2A6FD3BF00D8F0BF /* Category.swift in Sources */,
				699DFCAD2A42F2A900B64C8C /* PrimaryButtonModifier.swift in Sources */,
				69FE3EBF2A6FD56100D8F0BF /* HomeViewModel.swift in Sources */,
				69D1D0F52A6D69B400E3420D /* MonthlyExpenseView.swift in Sources */,
				691227D62A67FFB600A069E5 /* UINavigationController.swift in Sources */,
				690A089F2A6AA65E0009B183 /* DropdownMenu.swift in Sources */,
				699DFC942A41762300B64C8C /* FocusablePadding.swift in Sources */,
				6986D81F2A4ABCD40043BF86 /* HeaderView.swift in Sources */,
				69FE3EB02A6F8AA800D8F0BF /* QuickSummaryView.swift in Sources */,
				6986D8222A4B32560043BF86 /* TransactionService.swift in Sources */,
				69D1D0EF2A6D101900E3420D /* Modal.swift in Sources */,
				69D1D0FF2A6D84B900E3420D /* RecentlyViewTransaction.swift in Sources */,
				69419CD32A72D82C00DE67AC /* MonthYearPickerValue.swift in Sources */,
				690A08A52A6AB2D80009B183 /* DropdownList.swift in Sources */,
				69D1D0E42A6CDF4900E3420D /* ToggleButton.swift in Sources */,
				695FE6982A6C253F0036164D /* AddTransactionViewModel.swift in Sources */,
				6986D82A2A4D726A0043BF86 /* CategoryService.swift in Sources */,
				6988F44A2A4954AD00EAEACE /* TransactionHistoryView.swift in Sources */,
				69D1D0F32A6D1F5C00E3420D /* ModalViewModel.swift in Sources */,
				699DFCB12A42F5E800B64C8C /* RegisterView.swift in Sources */,
				699DFCAA2A42EA0200B64C8C /* LoginView.swift in Sources */,
				69D1D0FD2A6D798200E3420D /* TransactionView.swift in Sources */,
				691227D22A67F6CF00A069E5 /* WalletService.swift in Sources */,
				6911031F2A78F2F200C261B3 /* NavigationCenter.swift in Sources */,
				69FE3EB22A6F91CC00D8F0BF /* HistoryViewModel.swift in Sources */,
				6911031C2A78B48D00C261B3 /* ViewLists.swift in Sources */,
				6986D82C2A4D85520043BF86 /* ContentViewModel.swift in Sources */,
				691103142A77BADD00C261B3 /* NavigationTab.swift in Sources */,
				691227D92A68078800A069E5 /* AddTransactionView.swift in Sources */,
				691103222A79003F00C261B3 /* SettingView.swift in Sources */,
				697029872A41700000A59EE2 /* TextfieldModifier.swift in Sources */,
				69D1D0F72A6D771F00E3420D /* RecentlyView.swift in Sources */,
				69419CCF2A72CAC000DE67AC /* YearPickerView.swift in Sources */,
				6986D8282A4D71F10043BF86 /* CategoryModel.swift in Sources */,
				691227D42A67F70500A069E5 /* WalletModel.swift in Sources */,
				691103112A77BA7C00C261B3 /* NavigationTabMenu.swift in Sources */,
				6988F43D2A48323300EAEACE /* Color.swift in Sources */,
				6988F4442A48703A00EAEACE /* NavigationDismissModifier.swift in Sources */,
			);
			runOnlyForDeploymentPostprocessing = 0;
		};
/* End PBXSourcesBuildPhase section */

/* Begin XCBuildConfiguration section */
		6970297F2A3EFE9000A59EE2 /* Debug */ = {
			isa = XCBuildConfiguration;
			buildSettings = {
				ALWAYS_SEARCH_USER_PATHS = NO;
				CLANG_ANALYZER_NONNULL = YES;
				CLANG_ANALYZER_NUMBER_OBJECT_CONVERSION = YES_AGGRESSIVE;
				CLANG_CXX_LANGUAGE_STANDARD = "gnu++20";
				CLANG_ENABLE_MODULES = YES;
				CLANG_ENABLE_OBJC_ARC = YES;
				CLANG_ENABLE_OBJC_WEAK = YES;
				CLANG_WARN_BLOCK_CAPTURE_AUTORELEASING = YES;
				CLANG_WARN_BOOL_CONVERSION = YES;
				CLANG_WARN_COMMA = YES;
				CLANG_WARN_CONSTANT_CONVERSION = YES;
				CLANG_WARN_DEPRECATED_OBJC_IMPLEMENTATIONS = YES;
				CLANG_WARN_DIRECT_OBJC_ISA_USAGE = YES_ERROR;
				CLANG_WARN_DOCUMENTATION_COMMENTS = YES;
				CLANG_WARN_EMPTY_BODY = YES;
				CLANG_WARN_ENUM_CONVERSION = YES;
				CLANG_WARN_INFINITE_RECURSION = YES;
				CLANG_WARN_INT_CONVERSION = YES;
				CLANG_WARN_NON_LITERAL_NULL_CONVERSION = YES;
				CLANG_WARN_OBJC_IMPLICIT_RETAIN_SELF = YES;
				CLANG_WARN_OBJC_LITERAL_CONVERSION = YES;
				CLANG_WARN_OBJC_ROOT_CLASS = YES_ERROR;
				CLANG_WARN_QUOTED_INCLUDE_IN_FRAMEWORK_HEADER = YES;
				CLANG_WARN_RANGE_LOOP_ANALYSIS = YES;
				CLANG_WARN_STRICT_PROTOTYPES = YES;
				CLANG_WARN_SUSPICIOUS_MOVE = YES;
				CLANG_WARN_UNGUARDED_AVAILABILITY = YES_AGGRESSIVE;
				CLANG_WARN_UNREACHABLE_CODE = YES;
				CLANG_WARN__DUPLICATE_METHOD_MATCH = YES;
				COPY_PHASE_STRIP = NO;
				DEBUG_INFORMATION_FORMAT = dwarf;
				ENABLE_STRICT_OBJC_MSGSEND = YES;
				ENABLE_TESTABILITY = YES;
				GCC_C_LANGUAGE_STANDARD = gnu11;
				GCC_DYNAMIC_NO_PIC = NO;
				GCC_NO_COMMON_BLOCKS = YES;
				GCC_OPTIMIZATION_LEVEL = 0;
				GCC_PREPROCESSOR_DEFINITIONS = (
					"DEBUG=1",
					"$(inherited)",
				);
				GCC_WARN_64_TO_32_BIT_CONVERSION = YES;
				GCC_WARN_ABOUT_RETURN_TYPE = YES_ERROR;
				GCC_WARN_UNDECLARED_SELECTOR = YES;
				GCC_WARN_UNINITIALIZED_AUTOS = YES_AGGRESSIVE;
				GCC_WARN_UNUSED_FUNCTION = YES;
				GCC_WARN_UNUSED_VARIABLE = YES;
				IPHONEOS_DEPLOYMENT_TARGET = 16.4;
				MTL_ENABLE_DEBUG_INFO = INCLUDE_SOURCE;
				MTL_FAST_MATH = YES;
				ONLY_ACTIVE_ARCH = YES;
				SDKROOT = iphoneos;
				SWIFT_ACTIVE_COMPILATION_CONDITIONS = DEBUG;
				SWIFT_OPTIMIZATION_LEVEL = "-Onone";
			};
			name = Debug;
		};
		697029802A3EFE9000A59EE2 /* Release */ = {
			isa = XCBuildConfiguration;
			buildSettings = {
				ALWAYS_SEARCH_USER_PATHS = NO;
				CLANG_ANALYZER_NONNULL = YES;
				CLANG_ANALYZER_NUMBER_OBJECT_CONVERSION = YES_AGGRESSIVE;
				CLANG_CXX_LANGUAGE_STANDARD = "gnu++20";
				CLANG_ENABLE_MODULES = YES;
				CLANG_ENABLE_OBJC_ARC = YES;
				CLANG_ENABLE_OBJC_WEAK = YES;
				CLANG_WARN_BLOCK_CAPTURE_AUTORELEASING = YES;
				CLANG_WARN_BOOL_CONVERSION = YES;
				CLANG_WARN_COMMA = YES;
				CLANG_WARN_CONSTANT_CONVERSION = YES;
				CLANG_WARN_DEPRECATED_OBJC_IMPLEMENTATIONS = YES;
				CLANG_WARN_DIRECT_OBJC_ISA_USAGE = YES_ERROR;
				CLANG_WARN_DOCUMENTATION_COMMENTS = YES;
				CLANG_WARN_EMPTY_BODY = YES;
				CLANG_WARN_ENUM_CONVERSION = YES;
				CLANG_WARN_INFINITE_RECURSION = YES;
				CLANG_WARN_INT_CONVERSION = YES;
				CLANG_WARN_NON_LITERAL_NULL_CONVERSION = YES;
				CLANG_WARN_OBJC_IMPLICIT_RETAIN_SELF = YES;
				CLANG_WARN_OBJC_LITERAL_CONVERSION = YES;
				CLANG_WARN_OBJC_ROOT_CLASS = YES_ERROR;
				CLANG_WARN_QUOTED_INCLUDE_IN_FRAMEWORK_HEADER = YES;
				CLANG_WARN_RANGE_LOOP_ANALYSIS = YES;
				CLANG_WARN_STRICT_PROTOTYPES = YES;
				CLANG_WARN_SUSPICIOUS_MOVE = YES;
				CLANG_WARN_UNGUARDED_AVAILABILITY = YES_AGGRESSIVE;
				CLANG_WARN_UNREACHABLE_CODE = YES;
				CLANG_WARN__DUPLICATE_METHOD_MATCH = YES;
				COPY_PHASE_STRIP = NO;
				DEBUG_INFORMATION_FORMAT = "dwarf-with-dsym";
				ENABLE_NS_ASSERTIONS = NO;
				ENABLE_STRICT_OBJC_MSGSEND = YES;
				GCC_C_LANGUAGE_STANDARD = gnu11;
				GCC_NO_COMMON_BLOCKS = YES;
				GCC_WARN_64_TO_32_BIT_CONVERSION = YES;
				GCC_WARN_ABOUT_RETURN_TYPE = YES_ERROR;
				GCC_WARN_UNDECLARED_SELECTOR = YES;
				GCC_WARN_UNINITIALIZED_AUTOS = YES_AGGRESSIVE;
				GCC_WARN_UNUSED_FUNCTION = YES;
				GCC_WARN_UNUSED_VARIABLE = YES;
				IPHONEOS_DEPLOYMENT_TARGET = 16.4;
				MTL_ENABLE_DEBUG_INFO = NO;
				MTL_FAST_MATH = YES;
				SDKROOT = iphoneos;
				SWIFT_COMPILATION_MODE = wholemodule;
				SWIFT_OPTIMIZATION_LEVEL = "-O";
				VALIDATE_PRODUCT = YES;
			};
			name = Release;
		};
		697029822A3EFE9000A59EE2 /* Debug */ = {
			isa = XCBuildConfiguration;
			buildSettings = {
				ASSETCATALOG_COMPILER_APPICON_NAME = AppIcon;
				ASSETCATALOG_COMPILER_GLOBAL_ACCENT_COLOR_NAME = AccentColor;
				CODE_SIGN_STYLE = Automatic;
				CURRENT_PROJECT_VERSION = 1;
				DEVELOPMENT_ASSET_PATHS = "\"financial-management-app/Preview Content\"";
				DEVELOPMENT_TEAM = 6375T47ZYJ;
				ENABLE_PREVIEWS = YES;
				GENERATE_INFOPLIST_FILE = YES;
				INFOPLIST_KEY_UIApplicationSceneManifest_Generation = YES;
				INFOPLIST_KEY_UIApplicationSupportsIndirectInputEvents = YES;
				INFOPLIST_KEY_UILaunchScreen_Generation = YES;
				INFOPLIST_KEY_UISupportedInterfaceOrientations_iPad = "UIInterfaceOrientationPortrait UIInterfaceOrientationPortraitUpsideDown UIInterfaceOrientationLandscapeLeft UIInterfaceOrientationLandscapeRight";
				INFOPLIST_KEY_UISupportedInterfaceOrientations_iPhone = "UIInterfaceOrientationPortrait UIInterfaceOrientationLandscapeLeft UIInterfaceOrientationLandscapeRight";
				LD_RUNPATH_SEARCH_PATHS = (
					"$(inherited)",
					"@executable_path/Frameworks",
				);
				MARKETING_VERSION = 1.0;
				PRODUCT_BUNDLE_IDENTIFIER = "thanapatu.financial-management-app";
				PRODUCT_NAME = "$(TARGET_NAME)";
				SWIFT_EMIT_LOC_STRINGS = YES;
				SWIFT_VERSION = 5.0;
				TARGETED_DEVICE_FAMILY = "1,2";
			};
			name = Debug;
		};
		697029832A3EFE9000A59EE2 /* Release */ = {
			isa = XCBuildConfiguration;
			buildSettings = {
				ASSETCATALOG_COMPILER_APPICON_NAME = AppIcon;
				ASSETCATALOG_COMPILER_GLOBAL_ACCENT_COLOR_NAME = AccentColor;
				CODE_SIGN_STYLE = Automatic;
				CURRENT_PROJECT_VERSION = 1;
				DEVELOPMENT_ASSET_PATHS = "\"financial-management-app/Preview Content\"";
				DEVELOPMENT_TEAM = 6375T47ZYJ;
				ENABLE_PREVIEWS = YES;
				GENERATE_INFOPLIST_FILE = YES;
				INFOPLIST_KEY_UIApplicationSceneManifest_Generation = YES;
				INFOPLIST_KEY_UIApplicationSupportsIndirectInputEvents = YES;
				INFOPLIST_KEY_UILaunchScreen_Generation = YES;
				INFOPLIST_KEY_UISupportedInterfaceOrientations_iPad = "UIInterfaceOrientationPortrait UIInterfaceOrientationPortraitUpsideDown UIInterfaceOrientationLandscapeLeft UIInterfaceOrientationLandscapeRight";
				INFOPLIST_KEY_UISupportedInterfaceOrientations_iPhone = "UIInterfaceOrientationPortrait UIInterfaceOrientationLandscapeLeft UIInterfaceOrientationLandscapeRight";
				LD_RUNPATH_SEARCH_PATHS = (
					"$(inherited)",
					"@executable_path/Frameworks",
				);
				MARKETING_VERSION = 1.0;
				PRODUCT_BUNDLE_IDENTIFIER = "thanapatu.financial-management-app";
				PRODUCT_NAME = "$(TARGET_NAME)";
				SWIFT_EMIT_LOC_STRINGS = YES;
				SWIFT_VERSION = 5.0;
				TARGETED_DEVICE_FAMILY = "1,2";
			};
			name = Release;
		};
/* End XCBuildConfiguration section */

/* Begin XCConfigurationList section */
		6970296E2A3EFE8F00A59EE2 /* Build configuration list for PBXProject "financial-management-app" */ = {
			isa = XCConfigurationList;
			buildConfigurations = (
				6970297F2A3EFE9000A59EE2 /* Debug */,
				697029802A3EFE9000A59EE2 /* Release */,
			);
			defaultConfigurationIsVisible = 0;
			defaultConfigurationName = Release;
		};
		697029812A3EFE9000A59EE2 /* Build configuration list for PBXNativeTarget "financial-management-app" */ = {
			isa = XCConfigurationList;
			buildConfigurations = (
				697029822A3EFE9000A59EE2 /* Debug */,
				697029832A3EFE9000A59EE2 /* Release */,
			);
			defaultConfigurationIsVisible = 0;
			defaultConfigurationName = Release;
		};
/* End XCConfigurationList section */
	};
	rootObject = 6970296B2A3EFE8F00A59EE2 /* Project object */;
}
